{
  "requires": true,
  "lockfileVersion": 1,
  "dependencies": {
    "easytimer.js": {
      "version": "2.2.3",
      "resolved": "https://registry.npmjs.org/easytimer.js/-/easytimer.js-2.2.3.tgz",
      "integrity": "sha512-+WewcubTxdcE9G1Zrz7hqljzmMNfeHE5J9IEWZ89+vcMfXKnqQ8i0U2FslN4s6mkZvAAOxnWfQ9hooGvDWUFbg=="
    }
  }
}
